
Microsoft Visual Studio Solution File, Format Version 12.00
# Visual Studio 15
Project("{FAE04EC0-301F-11D3-BF4B-00C04F79EFBC}") = "Assembly-CSharp", "Assembly-CSharp.csproj", "{996F73E3-E157-D07F-21DD-D398FACAC901}"
EndProject
Project("{FAE04EC0-301F-11D3-BF4B-00C04F79EFBC}") = "Assembly-CSharp-Editor", "Assembly-CSharp-Editor.csproj", "{0129E70F-C133-BC53-B89B-8635C1A8A5D6}"
EndProject
Global
	GlobalSection(SolutionConfigurationPlatforms) = preSolution
		Debug|Any CPU = Debug|Any CPU
		Release|Any CPU = Release|Any CPU
	EndGlobalSection
	GlobalSection(ProjectConfigurationPlatforms) = postSolution
		{996F73E3-E157-D07F-21DD-D398FACAC901}.Debug|Any CPU.ActiveCfg = Debug|Any CPU
		{996F73E3-E157-D07F-21DD-D398FACAC901}.Debug|Any CPU.Build.0 = Debug|Any CPU
		{996F73E3-E157-D07F-21DD-D398FACAC901}.Release|Any CPU.ActiveCfg = Release|Any CPU
		{996F73E3-E157-D07F-21DD-D398FACAC901}.Release|Any CPU.Build.0 = Release|Any CPU
		{0129E70F-C133-BC53-B89B-8635C1A8A5D6}.Debug|Any CPU.ActiveCfg = Debug|Any CPU
		{0129E70F-C133-BC53-B89B-8635C1A8A5D6}.Debug|Any CPU.Build.0 = Debug|Any CPU
		{0129E70F-C133-BC53-B89B-8635C1A8A5D6}.Release|Any CPU.ActiveCfg = Release|Any CPU
		{0129E70F-C133-BC53-B89B-8635C1A8A5D6}.Release|Any CPU.Build.0 = Release|Any CPU
	EndGlobalSection
	GlobalSection(SolutionProperties) = preSolution
		HideSolutionNode = FALSE
	EndGlobalSection
EndGlobal
