
Microsoft Visual Studio Solution File, Format Version 12.00
# Visual Studio 15
Project("{FAE04EC0-301F-11D3-BF4B-00C04F79EFBC}") = "Assembly-CSharp", "Assembly-CSharp.csproj", "{032FBCCD-CEA9-D626-8042-39A6C5F6B079}"
EndProject
Project("{FAE04EC0-301F-11D3-BF4B-00C04F79EFBC}") = "Assembly-CSharp-Editor", "Assembly-CSharp-Editor.csproj", "{5E659E40-7E1C-C728-51AD-1EB888A014F1}"
EndProject
Global
	GlobalSection(SolutionConfigurationPlatforms) = preSolution
		Debug|Any CPU = Debug|Any CPU
		Release|Any CPU = Release|Any CPU
	EndGlobalSection
	GlobalSection(ProjectConfigurationPlatforms) = postSolution
		{032FBCCD-CEA9-D626-8042-39A6C5F6B079}.Debug|Any CPU.ActiveCfg = Debug|Any CPU
		{032FBCCD-CEA9-D626-8042-39A6C5F6B079}.Debug|Any CPU.Build.0 = Debug|Any CPU
		{032FBCCD-CEA9-D626-8042-39A6C5F6B079}.Release|Any CPU.ActiveCfg = Release|Any CPU
		{032FBCCD-CEA9-D626-8042-39A6C5F6B079}.Release|Any CPU.Build.0 = Release|Any CPU
		{5E659E40-7E1C-C728-51AD-1EB888A014F1}.Debug|Any CPU.ActiveCfg = Debug|Any CPU
		{5E659E40-7E1C-C728-51AD-1EB888A014F1}.Debug|Any CPU.Build.0 = Debug|Any CPU
		{5E659E40-7E1C-C728-51AD-1EB888A014F1}.Release|Any CPU.ActiveCfg = Release|Any CPU
		{5E659E40-7E1C-C728-51AD-1EB888A014F1}.Release|Any CPU.Build.0 = Release|Any CPU
	EndGlobalSection
	GlobalSection(SolutionProperties) = preSolution
		HideSolutionNode = FALSE
	EndGlobalSection
EndGlobal
